// !$*UTF8*$!
{
	archiveVersion = 1;
	classes = {
	};
	objectVersion = 50;
	objects = {

/* Begin PBXBuildFile section */
		013BD86224752ADD00AABEA2 /* AppDelegate.swift in Sources */ = {isa = PBXBuildFile; fileRef = 013BD86124752ADD00AABEA2 /* AppDelegate.swift */; };
		013BD86424752ADD00AABEA2 /* SceneDelegate.swift in Sources */ = {isa = PBXBuildFile; fileRef = 013BD86324752ADD00AABEA2 /* SceneDelegate.swift */; };
		013BD86624752ADD00AABEA2 /* ViewController.swift in Sources */ = {isa = PBXBuildFile; fileRef = 013BD86524752ADD00AABEA2 /* ViewController.swift */; };
		013BD86924752ADD00AABEA2 /* Main.storyboard in Resources */ = {isa = PBXBuildFile; fileRef = 013BD86724752ADD00AABEA2 /* Main.storyboard */; };
		013BD86B24752ADF00AABEA2 /* Assets.xcassets in Resources */ = {isa = PBXBuildFile; fileRef = 013BD86A24752ADF00AABEA2 /* Assets.xcassets */; };
		013BD86E24752ADF00AABEA2 /* LaunchScreen.storyboard in Resources */ = {isa = PBXBuildFile; fileRef = 013BD86C24752ADF00AABEA2 /* LaunchScreen.storyboard */; };
/* End PBXBuildFile section */

/* Begin PBXFileReference section */
		013BD85E24752ADD00AABEA2 /* ReadOcean.app */ = {isa = PBXFileReference; explicitFileType = wrapper.application; includeInIndex = 0; path = ReadOcean.app; sourceTree = BUILT_PRODUCTS_DIR; };
		013BD86124752ADD00AABEA2 /* AppDelegate.swift */ = {isa = PBXFileReference; lastKnownFileType = sourcecode.swift; path = AppDelegate.swift; sourceTree = "<group>"; };
		013BD86324752ADD00AABEA2 /* SceneDelegate.swift */ = {isa = PBXFileReference; lastKnownFileType = sourcecode.swift; path = SceneDelegate.swift; sourceTree = "<group>"; };
		013BD86524752ADD00AABEA2 /* ViewController.swift */ = {isa = PBXFileReference; lastKnownFileType = sourcecode.swift; path = ViewController.swift; sourceTree = "<group>"; };
		013BD86824752ADD00AABEA2 /* Base */ = {isa = PBXFileReference; lastKnownFileType = file.storyboard; name = Base; path = Base.lproj/Main.storyboard; sourceTree = "<group>"; };
		013BD86A24752ADF00AABEA2 /* Assets.xcassets */ = {isa = PBXFileReference; lastKnownFileType = folder.assetcatalog; path = Assets.xcassets; sourceTree = "<group>"; };
		013BD86D24752ADF00AABEA2 /* Base */ = {isa = PBXFileReference; lastKnownFileType = file.storyboard; name = Base; path = Base.lproj/LaunchScreen.storyboard; sourceTree = "<group>"; };
		013BD86F24752ADF00AABEA2 /* Info.plist */ = {isa = PBXFileReference; lastKnownFileType = text.plist.xml; path = Info.plist; sourceTree = "<group>"; };
/* End PBXFileReference section */

/* Begin PBXFrameworksBuildPhase section */
		013BD85B24752ADD00AABEA2 /* Frameworks */ = {
			isa = PBXFrameworksBuildPhase;
			buildActionMask = 2147483647;
			files = (
			);
			runOnlyForDeploymentPostprocessing = 0;
		};
/* End PBXFrameworksBuildPhase section */

/* Begin PBXGroup section */
		013BD85524752ADD00AABEA2 = {
			isa = PBXGroup;
			children = (
				013BD86024752ADD00AABEA2 /* ReadOcean */,
				013BD85F24752ADD00AABEA2 /* Products */,
			);
			sourceTree = "<group>";
		};
		013BD85F24752ADD00AABEA2 /* Products */ = {
			isa = PBXGroup;
			children = (
				013BD85E24752ADD00AABEA2 /* ReadOcean.app */,
			);
			name = Products;
			sourceTree = "<group>";
		};
		013BD86024752ADD00AABEA2 /* ReadOcean */ = {
			isa = PBXGroup;
			children = (
				013BD86124752ADD00AABEA2 /* AppDelegate.swift */,
				013BD86324752ADD00AABEA2 /* SceneDelegate.swift */,
				013BD86524752ADD00AABEA2 /* ViewController.swift */,
				013BD86724752ADD00AABEA2 /* Main.storyboard */,
				013BD86A24752ADF00AABEA2 /* Assets.xcassets */,
				013BD86C24752ADF00AABEA2 /* LaunchScreen.storyboard */,
				013BD86F24752ADF00AABEA2 /* Info.plist */,
			);
			path = ReadOcean;
			sourceTree = "<group>";
		};
/* End PBXGroup section */

/* Begin PBXNativeTarget section */
		013BD85D24752ADD00AABEA2 /* ReadOcean */ = {
			isa = PBXNativeTarget;
			buildConfigurationList = 013BD87224752ADF00AABEA2 /* Build configuration list for PBXNativeTarget "ReadOcean" */;
			buildPhases = (
				013BD85A24752ADD00AABEA2 /* Sources */,
				013BD85B24752ADD00AABEA2 /* Frameworks */,
				013BD85C24752ADD00AABEA2 /* Resources */,
			);
			buildRules = (
			);
			dependencies = (
			);
			name = ReadOcean;
			productName = ReadOcean;
			productReference = 013BD85E24752ADD00AABEA2 /* ReadOcean.app */;
			productType = "com.apple.product-type.application";
		};
/* End PBXNativeTarget section */

/* Begin PBXProject section */
		013BD85624752ADD00AABEA2 /* Project object */ = {
			isa = PBXProject;
			attributes = {
				LastSwiftUpdateCheck = 1130;
				LastUpgradeCheck = 1130;
				ORGANIZATIONNAME = HAM02020;
				TargetAttributes = {
					013BD85D24752ADD00AABEA2 = {
						CreatedOnToolsVersion = 11.3.1;
					};
				};
			};
			buildConfigurationList = 013BD85924752ADD00AABEA2 /* Build configuration list for PBXProject "ReadOcean" */;
			compatibilityVersion = "Xcode 9.3";
			developmentRegion = en;
			hasScannedForEncodings = 0;
			knownRegions = (
				en,
				Base,
			);
			mainGroup = 013BD85524752ADD00AABEA2;
			productRefGroup = 013BD85F24752ADD00AABEA2 /* Products */;
			projectDirPath = "";
			projectRoot = "";
			targets = (
				013BD85D24752ADD00AABEA2 /* ReadOcean */,
			);
		};
/* End PBXProject section */

/* Begin PBXResourcesBuildPhase section */
		013BD85C24752ADD00AABEA2 /* Resources */ = {
			isa = PBXResourcesBuildPhase;
			buildActionMask = 2147483647;
			files = (
				013BD86E24752ADF00AABEA2 /* LaunchScreen.storyboard in Resources */,
				013BD86B24752ADF00AABEA2 /* Assets.xcassets in Resources */,
				013BD86924752ADD00AABEA2 /* Main.storyboard in Resources */,
			);
			runOnlyForDeploymentPostprocessing = 0;
		};
/* End PBXResourcesBuildPhase section */

/* Begin PBXSourcesBuildPhase section */
		013BD85A24752ADD00AABEA2 /* Sources */ = {
			isa = PBXSourcesBuildPhase;
			buildActionMask = 2147483647;
			files = (
				013BD86624752ADD00AABEA2 /* ViewController.swift in Sources */,
				013BD86224752ADD00AABEA2 /* AppDelegate.swift in Sources */,
				013BD86424752ADD00AABEA2 /* SceneDelegate.swift in Sources */,
			);
			runOnlyForDeploymentPostprocessing = 0;
		};
/* End PBXSourcesBuildPhase section */

/* Begin PBXVariantGroup section */
		013BD86724752ADD00AABEA2 /* Main.storyboard */ = {
			isa = PBXVariantGroup;
			children = (
				013BD86824752ADD00AABEA2 /* Base */,
			);
			name = Main.storyboard;
			sourceTree = "<group>";
		};
		013BD86C24752ADF00AABEA2 /* LaunchScreen.storyboard */ = {
			isa = PBXVariantGroup;
			children = (
				013BD86D24752ADF00AABEA2 /* Base */,
			);
			name = LaunchScreen.storyboard;
			sourceTree = "<group>";
		};
/* End PBXVariantGroup section */

/* Begin XCBuildConfiguration section */
		013BD87024752ADF00AABEA2 /* Debug */ = {
			isa = XCBuildConfiguration;
			buildSettings = {
				ALWAYS_SEARCH_USER_PATHS = NO;
				CLANG_ANALYZER_NONNULL = YES;
				CLANG_ANALYZER_NUMBER_OBJECT_CONVERSION = YES_AGGRESSIVE;
				CLANG_CXX_LANGUAGE_STANDARD = "gnu++14";
				CLANG_CXX_LIBRARY = "libc++";
				CLANG_ENABLE_MODULES = YES;
				CLANG_ENABLE_OBJC_ARC = YES;
				CLANG_ENABLE_OBJC_WEAK = YES;
				CLANG_WARN_BLOCK_CAPTURE_AUTORELEASING = YES;
				CLANG_WARN_BOOL_CONVERSION = YES;
				CLANG_WARN_COMMA = YES;
				CLANG_WARN_CONSTANT_CONVERSION = YES;
				CLANG_WARN_DEPRECATED_OBJC_IMPLEMENTATIONS = YES;
				CLANG_WARN_DIRECT_OBJC_ISA_USAGE = YES_ERROR;
				CLANG_WARN_DOCUMENTATION_COMMENTS = YES;
				CLANG_WARN_EMPTY_BODY = YES;
				CLANG_WARN_ENUM_CONVERSION = YES;
				CLANG_WARN_INFINITE_RECURSION = YES;
				CLANG_WARN_INT_CONVERSION = YES;
				CLANG_WARN_NON_LITERAL_NULL_CONVERSION = YES;
				CLANG_WARN_OBJC_IMPLICIT_RETAIN_SELF = YES;
				CLANG_WARN_OBJC_LITERAL_CONVERSION = YES;
				CLANG_WARN_OBJC_ROOT_CLASS = YES_ERROR;
				CLANG_WARN_RANGE_LOOP_ANALYSIS = YES;
				CLANG_WARN_STRICT_PROTOTYPES = YES;
				CLANG_WARN_SUSPICIOUS_MOVE = YES;
				CLANG_WARN_UNGUARDED_AVAILABILITY = YES_AGGRESSIVE;
				CLANG_WARN_UNREACHABLE_CODE = YES;
				CLANG_WARN__DUPLICATE_METHOD_MATCH = YES;
				COPY_PHASE_STRIP = NO;
				DEBUG_INFORMATION_FORMAT = dwarf;
				ENABLE_STRICT_OBJC_MSGSEND = YES;
				ENABLE_TESTABILITY = YES;
				GCC_C_LANGUAGE_STANDARD = gnu11;
				GCC_DYNAMIC_NO_PIC = NO;
				GCC_NO_COMMON_BLOCKS = YES;
				GCC_OPTIMIZATION_LEVEL = 0;
				GCC_PREPROCESSOR_DEFINITIONS = (
					"DEBUG=1",
					"$(inherited)",
				);
				GCC_WARN_64_TO_32_BIT_CONVERSION = YES;
				GCC_WARN_ABOUT_RETURN_TYPE = YES_ERROR;
				GCC_WARN_UNDECLARED_SELECTOR = YES;
				GCC_WARN_UNINITIALIZED_AUTOS = YES_AGGRESSIVE;
				GCC_WARN_UNUSED_FUNCTION = YES;
				GCC_WARN_UNUSED_VARIABLE = YES;
				IPHONEOS_DEPLOYMENT_TARGET = 13.2;
				MTL_ENABLE_DEBUG_INFO = INCLUDE_SOURCE;
				MTL_FAST_MATH = YES;
				ONLY_ACTIVE_ARCH = YES;
				SDKROOT = iphoneos;
				SWIFT_ACTIVE_COMPILATION_CONDITIONS = DEBUG;
				SWIFT_OPTIMIZATION_LEVEL = "-Onone";
			};
			name = Debug;
		};
		013BD87124752ADF00AABEA2 /* Release */ = {
			isa = XCBuildConfiguration;
			buildSettings = {
				ALWAYS_SEARCH_USER_PATHS = NO;
				CLANG_ANALYZER_NONNULL = YES;
				CLANG_ANALYZER_NUMBER_OBJECT_CONVERSION = YES_AGGRESSIVE;
				CLANG_CXX_LANGUAGE_STANDARD = "gnu++14";
				CLANG_CXX_LIBRARY = "libc++";
				CLANG_ENABLE_MODULES = YES;
				CLANG_ENABLE_OBJC_ARC = YES;
				CLANG_ENABLE_OBJC_WEAK = YES;
				CLANG_WARN_BLOCK_CAPTURE_AUTORELEASING = YES;
				CLANG_WARN_BOOL_CONVERSION = YES;
				CLANG_WARN_COMMA = YES;
				CLANG_WARN_CONSTANT_CONVERSION = YES;
				CLANG_WARN_DEPRECATED_OBJC_IMPLEMENTATIONS = YES;
				CLANG_WARN_DIRECT_OBJC_ISA_USAGE = YES_ERROR;
				CLANG_WARN_DOCUMENTATION_COMMENTS = YES;
				CLANG_WARN_EMPTY_BODY = YES;
				CLANG_WARN_ENUM_CONVERSION = YES;
				CLANG_WARN_INFINITE_RECURSION = YES;
				CLANG_WARN_INT_CONVERSION = YES;
				CLANG_WARN_NON_LITERAL_NULL_CONVERSION = YES;
				CLANG_WARN_OBJC_IMPLICIT_RETAIN_SELF = YES;
				CLANG_WARN_OBJC_LITERAL_CONVERSION = YES;
				CLANG_WARN_OBJC_ROOT_CLASS = YES_ERROR;
				CLANG_WARN_RANGE_LOOP_ANALYSIS = YES;
				CLANG_WARN_STRICT_PROTOTYPES = YES;
				CLANG_WARN_SUSPICIOUS_MOVE = YES;
				CLANG_WARN_UNGUARDED_AVAILABILITY = YES_AGGRESSIVE;
				CLANG_WARN_UNREACHABLE_CODE = YES;
				CLANG_WARN__DUPLICATE_METHOD_MATCH = YES;
				COPY_PHASE_STRIP = NO;
				DEBUG_INFORMATION_FORMAT = "dwarf-with-dsym";
				ENABLE_NS_ASSERTIONS = NO;
				ENABLE_STRICT_OBJC_MSGSEND = YES;
				GCC_C_LANGUAGE_STANDARD = gnu11;
				GCC_NO_COMMON_BLOCKS = YES;
				GCC_WARN_64_TO_32_BIT_CONVERSION = YES;
				GCC_WARN_ABOUT_RETURN_TYPE = YES_ERROR;
				GCC_WARN_UNDECLARED_SELECTOR = YES;
				GCC_WARN_UNINITIALIZED_AUTOS = YES_AGGRESSIVE;
				GCC_WARN_UNUSED_FUNCTION = YES;
				GCC_WARN_UNUSED_VARIABLE = YES;
				IPHONEOS_DEPLOYMENT_TARGET = 13.2;
				MTL_ENABLE_DEBUG_INFO = NO;
				MTL_FAST_MATH = YES;
				SDKROOT = iphoneos;
				SWIFT_COMPILATION_MODE = wholemodule;
				SWIFT_OPTIMIZATION_LEVEL = "-O";
				VALIDATE_PRODUCT = YES;
			};
			name = Release;
		};
		013BD87324752ADF00AABEA2 /* Debug */ = {
			isa = XCBuildConfiguration;
			buildSettings = {
				ASSETCATALOG_COMPILER_APPICON_NAME = AppIcon;
				CODE_SIGN_STYLE = Automatic;
				DEVELOPMENT_TEAM = QUW3T5GZ23;
				INFOPLIST_FILE = ReadOcean/Info.plist;
				LD_RUNPATH_SEARCH_PATHS = (
					"$(inherited)",
					"@executable_path/Frameworks",
				);
				PRODUCT_BUNDLE_IDENTIFIER = HAMO.ReadOcean;
				PRODUCT_NAME = "$(TARGET_NAME)";
				SWIFT_VERSION = 5.0;
				TARGETED_DEVICE_FAMILY = "1,2";
			};
			name = Debug;
		};
		013BD87424752ADF00AABEA2 /* Release */ = {
			isa = XCBuildConfiguration;
			buildSettings = {
				ASSETCATALOG_COMPILER_APPICON_NAME = AppIcon;
				CODE_SIGN_STYLE = Automatic;
				DEVELOPMENT_TEAM = QUW3T5GZ23;
				INFOPLIST_FILE = ReadOcean/Info.plist;
				LD_RUNPATH_SEARCH_PATHS = (
					"$(inherited)",
					"@executable_path/Frameworks",
				);
				PRODUCT_BUNDLE_IDENTIFIER = HAMO.ReadOcean;
				PRODUCT_NAME = "$(TARGET_NAME)";
				SWIFT_VERSION = 5.0;
				TARGETED_DEVICE_FAMILY = "1,2";
			};
			name = Release;
		};
/* End XCBuildConfiguration section */

/* Begin XCConfigurationList section */
		013BD85924752ADD00AABEA2 /* Build configuration list for PBXProject "ReadOcean" */ = {
			isa = XCConfigurationList;
			buildConfigurations = (
				013BD87024752ADF00AABEA2 /* Debug */,
				013BD87124752ADF00AABEA2 /* Release */,
			);
			defaultConfigurationIsVisible = 0;
			defaultConfigurationName = Release;
		};
		013BD87224752ADF00AABEA2 /* Build configuration list for PBXNativeTarget "ReadOcean" */ = {
			isa = XCConfigurationList;
			buildConfigurations = (
				013BD87324752ADF00AABEA2 /* Debug */,
				013BD87424752ADF00AABEA2 /* Release */,
			);
			defaultConfigurationIsVisible = 0;
			defaultConfigurationName = Release;
		};
/* End XCConfigurationList section */
	};
	rootObject = 013BD85624752ADD00AABEA2 /* Project object */;
}
